// !$*UTF8*$!
{
	archiveVersion = 1;
	classes = {
	};
	objectVersion = 46;
	objects = {

/* Begin PBXBuildFile section */
		B7AE65C41F1AABDF00DC0B46 /* AppDelegate.swift in Sources */ = {isa = PBXBuildFile; fileRef = B7AE65C31F1AABDF00DC0B46 /* AppDelegate.swift */; };
		B7AE65C61F1AABDF00DC0B46 /* ViewController.swift in Sources */ = {isa = PBXBuildFile; fileRef = B7AE65C51F1AABDF00DC0B46 /* ViewController.swift */; };
		B7AE65C91F1AABDF00DC0B46 /* Main.storyboard in Resources */ = {isa = PBXBuildFile; fileRef = B7AE65C71F1AABDF00DC0B46 /* Main.storyboard */; };
		B7AE65CB1F1AABDF00DC0B46 /* Assets.xcassets in Resources */ = {isa = PBXBuildFile; fileRef = B7AE65CA1F1AABDF00DC0B46 /* Assets.xcassets */; };
		B7AE65CE1F1AABDF00DC0B46 /* LaunchScreen.storyboard in Resources */ = {isa = PBXBuildFile; fileRef = B7AE65CC1F1AABDF00DC0B46 /* LaunchScreen.storyboard */; };
		B7AE65D91F1AABDF00DC0B46 /* ToDoListTests.swift in Sources */ = {isa = PBXBuildFile; fileRef = B7AE65D81F1AABDF00DC0B46 /* ToDoListTests.swift */; };
		B7AE65E41F1AABE000DC0B46 /* ToDoListUITests.swift in Sources */ = {isa = PBXBuildFile; fileRef = B7AE65E31F1AABE000DC0B46 /* ToDoListUITests.swift */; };
/* End PBXBuildFile section */

/* Begin PBXContainerItemProxy section */
		B7AE65D51F1AABDF00DC0B46 /* PBXContainerItemProxy */ = {
			isa = PBXContainerItemProxy;
			containerPortal = B7AE65B81F1AABDF00DC0B46 /* Project object */;
			proxyType = 1;
			remoteGlobalIDString = B7AE65BF1F1AABDF00DC0B46;
			remoteInfo = ToDoList;
		};
		B7AE65E01F1AABE000DC0B46 /* PBXContainerItemProxy */ = {
			isa = PBXContainerItemProxy;
			containerPortal = B7AE65B81F1AABDF00DC0B46 /* Project object */;
			proxyType = 1;
			remoteGlobalIDString = B7AE65BF1F1AABDF00DC0B46;
			remoteInfo = ToDoList;
		};
/* End PBXContainerItemProxy section */

/* Begin PBXFileReference section */
		B7AE65C01F1AABDF00DC0B46 /* ToDoList.app */ = {isa = PBXFileReference; explicitFileType = wrapper.application; includeInIndex = 0; path = ToDoList.app; sourceTree = BUILT_PRODUCTS_DIR; };
		B7AE65C31F1AABDF00DC0B46 /* AppDelegate.swift */ = {isa = PBXFileReference; lastKnownFileType = sourcecode.swift; path = AppDelegate.swift; sourceTree = "<group>"; };
		B7AE65C51F1AABDF00DC0B46 /* ViewController.swift */ = {isa = PBXFileReference; lastKnownFileType = sourcecode.swift; path = ViewController.swift; sourceTree = "<group>"; };
		B7AE65C81F1AABDF00DC0B46 /* Base */ = {isa = PBXFileReference; lastKnownFileType = file.storyboard; name = Base; path = Base.lproj/Main.storyboard; sourceTree = "<group>"; };
		B7AE65CA1F1AABDF00DC0B46 /* Assets.xcassets */ = {isa = PBXFileReference; lastKnownFileType = folder.assetcatalog; path = Assets.xcassets; sourceTree = "<group>"; };
		B7AE65CD1F1AABDF00DC0B46 /* Base */ = {isa = PBXFileReference; lastKnownFileType = file.storyboard; name = Base; path = Base.lproj/LaunchScreen.storyboard; sourceTree = "<group>"; };
		B7AE65CF1F1AABDF00DC0B46 /* Info.plist */ = {isa = PBXFileReference; lastKnownFileType = text.plist.xml; path = Info.plist; sourceTree = "<group>"; };
		B7AE65D41F1AABDF00DC0B46 /* ToDoListTests.xctest */ = {isa = PBXFileReference; explicitFileType = wrapper.cfbundle; includeInIndex = 0; path = ToDoListTests.xctest; sourceTree = BUILT_PRODUCTS_DIR; };
		B7AE65D81F1AABDF00DC0B46 /* ToDoListTests.swift */ = {isa = PBXFileReference; lastKnownFileType = sourcecode.swift; path = ToDoListTests.swift; sourceTree = "<group>"; };
		B7AE65DA1F1AABDF00DC0B46 /* Info.plist */ = {isa = PBXFileReference; lastKnownFileType = text.plist.xml; path = Info.plist; sourceTree = "<group>"; };
		B7AE65DF1F1AABE000DC0B46 /* ToDoListUITests.xctest */ = {isa = PBXFileReference; explicitFileType = wrapper.cfbundle; includeInIndex = 0; path = ToDoListUITests.xctest; sourceTree = BUILT_PRODUCTS_DIR; };
		B7AE65E31F1AABE000DC0B46 /* ToDoListUITests.swift */ = {isa = PBXFileReference; lastKnownFileType = sourcecode.swift; path = ToDoListUITests.swift; sourceTree = "<group>"; };
		B7AE65E51F1AABE000DC0B46 /* Info.plist */ = {isa = PBXFileReference; lastKnownFileType = text.plist.xml; path = Info.plist; sourceTree = "<group>"; };
/* End PBXFileReference section */

/* Begin PBXFrameworksBuildPhase section */
		B7AE65BD1F1AABDF00DC0B46 /* Frameworks */ = {
			isa = PBXFrameworksBuildPhase;
			buildActionMask = 2147483647;
			files = (
			);
			runOnlyForDeploymentPostprocessing = 0;
		};
		B7AE65D11F1AABDF00DC0B46 /* Frameworks */ = {
			isa = PBXFrameworksBuildPhase;
			buildActionMask = 2147483647;
			files = (
			);
			runOnlyForDeploymentPostprocessing = 0;
		};
		B7AE65DC1F1AABE000DC0B46 /* Frameworks */ = {
			isa = PBXFrameworksBuildPhase;
			buildActionMask = 2147483647;
			files = (
			);
			runOnlyForDeploymentPostprocessing = 0;
		};
/* End PBXFrameworksBuildPhase section */

/* Begin PBXGroup section */
		B7AE65B71F1AABDF00DC0B46 = {
			isa = PBXGroup;
			children = (
				B7AE65C21F1AABDF00DC0B46 /* ToDoList */,
				B7AE65D71F1AABDF00DC0B46 /* ToDoListTests */,
				B7AE65E21F1AABE000DC0B46 /* ToDoListUITests */,
				B7AE65C11F1AABDF00DC0B46 /* Products */,
			);
			sourceTree = "<group>";
		};
		B7AE65C11F1AABDF00DC0B46 /* Products */ = {
			isa = PBXGroup;
			children = (
				B7AE65C01F1AABDF00DC0B46 /* ToDoList.app */,
				B7AE65D41F1AABDF00DC0B46 /* ToDoListTests.xctest */,
				B7AE65DF1F1AABE000DC0B46 /* ToDoListUITests.xctest */,
			);
			name = Products;
			sourceTree = "<group>";
		};
		B7AE65C21F1AABDF00DC0B46 /* ToDoList */ = {
			isa = PBXGroup;
			children = (
				B7AE65C31F1AABDF00DC0B46 /* AppDelegate.swift */,
				B7AE65C51F1AABDF00DC0B46 /* ViewController.swift */,
				B7AE65C71F1AABDF00DC0B46 /* Main.storyboard */,
				B7AE65CA1F1AABDF00DC0B46 /* Assets.xcassets */,
				B7AE65CC1F1AABDF00DC0B46 /* LaunchScreen.storyboard */,
				B7AE65CF1F1AABDF00DC0B46 /* Info.plist */,
			);
			path = ToDoList;
			sourceTree = "<group>";
		};
		B7AE65D71F1AABDF00DC0B46 /* ToDoListTests */ = {
			isa = PBXGroup;
			children = (
				B7AE65D81F1AABDF00DC0B46 /* ToDoListTests.swift */,
				B7AE65DA1F1AABDF00DC0B46 /* Info.plist */,
			);
			path = ToDoListTests;
			sourceTree = "<group>";
		};
		B7AE65E21F1AABE000DC0B46 /* ToDoListUITests */ = {
			isa = PBXGroup;
			children = (
				B7AE65E31F1AABE000DC0B46 /* ToDoListUITests.swift */,
				B7AE65E51F1AABE000DC0B46 /* Info.plist */,
			);
			path = ToDoListUITests;
			sourceTree = "<group>";
		};
/* End PBXGroup section */

/* Begin PBXNativeTarget section */
		B7AE65BF1F1AABDF00DC0B46 /* ToDoList */ = {
			isa = PBXNativeTarget;
			buildConfigurationList = B7AE65E81F1AABE000DC0B46 /* Build configuration list for PBXNativeTarget "ToDoList" */;
			buildPhases = (
				B7AE65BC1F1AABDF00DC0B46 /* Sources */,
				B7AE65BD1F1AABDF00DC0B46 /* Frameworks */,
				B7AE65BE1F1AABDF00DC0B46 /* Resources */,
			);
			buildRules = (
			);
			dependencies = (
			);
			name = ToDoList;
			productName = ToDoList;
			productReference = B7AE65C01F1AABDF00DC0B46 /* ToDoList.app */;
			productType = "com.apple.product-type.application";
		};
		B7AE65D31F1AABDF00DC0B46 /* ToDoListTests */ = {
			isa = PBXNativeTarget;
			buildConfigurationList = B7AE65EB1F1AABE000DC0B46 /* Build configuration list for PBXNativeTarget "ToDoListTests" */;
			buildPhases = (
				B7AE65D01F1AABDF00DC0B46 /* Sources */,
				B7AE65D11F1AABDF00DC0B46 /* Frameworks */,
				B7AE65D21F1AABDF00DC0B46 /* Resources */,
			);
			buildRules = (
			);
			dependencies = (
				B7AE65D61F1AABDF00DC0B46 /* PBXTargetDependency */,
			);
			name = ToDoListTests;
			productName = ToDoListTests;
			productReference = B7AE65D41F1AABDF00DC0B46 /* ToDoListTests.xctest */;
			productType = "com.apple.product-type.bundle.unit-test";
		};
		B7AE65DE1F1AABE000DC0B46 /* ToDoListUITests */ = {
			isa = PBXNativeTarget;
			buildConfigurationList = B7AE65EE1F1AABE000DC0B46 /* Build configuration list for PBXNativeTarget "ToDoListUITests" */;
			buildPhases = (
				B7AE65DB1F1AABE000DC0B46 /* Sources */,
				B7AE65DC1F1AABE000DC0B46 /* Frameworks */,
				B7AE65DD1F1AABE000DC0B46 /* Resources */,
			);
			buildRules = (
			);
			dependencies = (
				B7AE65E11F1AABE000DC0B46 /* PBXTargetDependency */,
			);
			name = ToDoListUITests;
			productName = ToDoListUITests;
			productReference = B7AE65DF1F1AABE000DC0B46 /* ToDoListUITests.xctest */;
			productType = "com.apple.product-type.bundle.ui-testing";
		};
/* End PBXNativeTarget section */

/* Begin PBXProject section */
		B7AE65B81F1AABDF00DC0B46 /* Project object */ = {
			isa = PBXProject;
			attributes = {
				LastSwiftUpdateCheck = 0830;
				LastUpgradeCheck = 0830;
				ORGANIZATIONNAME = SRS;
				TargetAttributes = {
					B7AE65BF1F1AABDF00DC0B46 = {
						CreatedOnToolsVersion = 8.3.3;
						DevelopmentTeam = QUMV2M4J6U;
						ProvisioningStyle = Automatic;
					};
					B7AE65D31F1AABDF00DC0B46 = {
						CreatedOnToolsVersion = 8.3.3;
						DevelopmentTeam = QUMV2M4J6U;
						ProvisioningStyle = Automatic;
						TestTargetID = B7AE65BF1F1AABDF00DC0B46;
					};
					B7AE65DE1F1AABE000DC0B46 = {
						CreatedOnToolsVersion = 8.3.3;
						DevelopmentTeam = QUMV2M4J6U;
						ProvisioningStyle = Automatic;
						TestTargetID = B7AE65BF1F1AABDF00DC0B46;
					};
				};
			};
			buildConfigurationList = B7AE65BB1F1AABDF00DC0B46 /* Build configuration list for PBXProject "ToDoList" */;
			compatibilityVersion = "Xcode 3.2";
			developmentRegion = English;
			hasScannedForEncodings = 0;
			knownRegions = (
				en,
				Base,
			);
			mainGroup = B7AE65B71F1AABDF00DC0B46;
			productRefGroup = B7AE65C11F1AABDF00DC0B46 /* Products */;
			projectDirPath = "";
			projectRoot = "";
			targets = (
				B7AE65BF1F1AABDF00DC0B46 /* ToDoList */,
				B7AE65D31F1AABDF00DC0B46 /* ToDoListTests */,
				B7AE65DE1F1AABE000DC0B46 /* ToDoListUITests */,
			);
		};
/* End PBXProject section */

/* Begin PBXResourcesBuildPhase section */
		B7AE65BE1F1AABDF00DC0B46 /* Resources */ = {
			isa = PBXResourcesBuildPhase;
			buildActionMask = 2147483647;
			files = (
				B7AE65CE1F1AABDF00DC0B46 /* LaunchScreen.storyboard in Resources */,
				B7AE65CB1F1AABDF00DC0B46 /* Assets.xcassets in Resources */,
				B7AE65C91F1AABDF00DC0B46 /* Main.storyboard in Resources */,
			);
			runOnlyForDeploymentPostprocessing = 0;
		};
		B7AE65D21F1AABDF00DC0B46 /* Resources */ = {
			isa = PBXResourcesBuildPhase;
			buildActionMask = 2147483647;
			files = (
			);
			runOnlyForDeploymentPostprocessing = 0;
		};
		B7AE65DD1F1AABE000DC0B46 /* Resources */ = {
			isa = PBXResourcesBuildPhase;
			buildActionMask = 2147483647;
			files = (
			);
			runOnlyForDeploymentPostprocessing = 0;
		};
/* End PBXResourcesBuildPhase section */

/* Begin PBXSourcesBuildPhase section */
		B7AE65BC1F1AABDF00DC0B46 /* Sources */ = {
			isa = PBXSourcesBuildPhase;
			buildActionMask = 2147483647;
			files = (
				B7AE65C61F1AABDF00DC0B46 /* ViewController.swift in Sources */,
				B7AE65C41F1AABDF00DC0B46 /* AppDelegate.swift in Sources */,
			);
			runOnlyForDeploymentPostprocessing = 0;
		};
		B7AE65D01F1AABDF00DC0B46 /* Sources */ = {
			isa = PBXSourcesBuildPhase;
			buildActionMask = 2147483647;
			files = (
				B7AE65D91F1AABDF00DC0B46 /* ToDoListTests.swift in Sources */,
			);
			runOnlyForDeploymentPostprocessing = 0;
		};
		B7AE65DB1F1AABE000DC0B46 /* Sources */ = {
			isa = PBXSourcesBuildPhase;
			buildActionMask = 2147483647;
			files = (
				B7AE65E41F1AABE000DC0B46 /* ToDoListUITests.swift in Sources */,
			);
			runOnlyForDeploymentPostprocessing = 0;
		};
/* End PBXSourcesBuildPhase section */

/* Begin PBXTargetDependency section */
		B7AE65D61F1AABDF00DC0B46 /* PBXTargetDependency */ = {
			isa = PBXTargetDependency;
			target = B7AE65BF1F1AABDF00DC0B46 /* ToDoList */;
			targetProxy = B7AE65D51F1AABDF00DC0B46 /* PBXContainerItemProxy */;
		};
		B7AE65E11F1AABE000DC0B46 /* PBXTargetDependency */ = {
			isa = PBXTargetDependency;
			target = B7AE65BF1F1AABDF00DC0B46 /* ToDoList */;
			targetProxy = B7AE65E01F1AABE000DC0B46 /* PBXContainerItemProxy */;
		};
/* End PBXTargetDependency section */

/* Begin PBXVariantGroup section */
		B7AE65C71F1AABDF00DC0B46 /* Main.storyboard */ = {
			isa = PBXVariantGroup;
			children = (
				B7AE65C81F1AABDF00DC0B46 /* Base */,
			);
			name = Main.storyboard;
			sourceTree = "<group>";
		};
		B7AE65CC1F1AABDF00DC0B46 /* LaunchScreen.storyboard */ = {
			isa = PBXVariantGroup;
			children = (
				B7AE65CD1F1AABDF00DC0B46 /* Base */,
			);
			name = LaunchScreen.storyboard;
			sourceTree = "<group>";
		};
/* End PBXVariantGroup section */

/* Begin XCBuildConfiguration section */
		B7AE65E61F1AABE000DC0B46 /* Debug */ = {
			isa = XCBuildConfiguration;
			buildSettings = {
				ALWAYS_SEARCH_USER_PATHS = NO;
				CLANG_ANALYZER_NONNULL = YES;
				CLANG_ANALYZER_NUMBER_OBJECT_CONVERSION = YES_AGGRESSIVE;
				CLANG_CXX_LANGUAGE_STANDARD = "gnu++0x";
				CLANG_CXX_LIBRARY = "libc++";
				CLANG_ENABLE_MODULES = YES;
				CLANG_ENABLE_OBJC_ARC = YES;
				CLANG_WARN_BOOL_CONVERSION = YES;
				CLANG_WARN_CONSTANT_CONVERSION = YES;
				CLANG_WARN_DIRECT_OBJC_ISA_USAGE = YES_ERROR;
				CLANG_WARN_DOCUMENTATION_COMMENTS = YES;
				CLANG_WARN_EMPTY_BODY = YES;
				CLANG_WARN_ENUM_CONVERSION = YES;
				CLANG_WARN_INFINITE_RECURSION = YES;
				CLANG_WARN_INT_CONVERSION = YES;
				CLANG_WARN_OBJC_ROOT_CLASS = YES_ERROR;
				CLANG_WARN_SUSPICIOUS_MOVE = YES;
				CLANG_WARN_UNREACHABLE_CODE = YES;
				CLANG_WARN__DUPLICATE_METHOD_MATCH = YES;
				"CODE_SIGN_IDENTITY[sdk=iphoneos*]" = "iPhone Developer";
				COPY_PHASE_STRIP = NO;
				DEBUG_INFORMATION_FORMAT = dwarf;
				ENABLE_STRICT_OBJC_MSGSEND = YES;
				ENABLE_TESTABILITY = YES;
				GCC_C_LANGUAGE_STANDARD = gnu99;
				GCC_DYNAMIC_NO_PIC = NO;
				GCC_NO_COMMON_BLOCKS = YES;
				GCC_OPTIMIZATION_LEVEL = 0;
				GCC_PREPROCESSOR_DEFINITIONS = (
					"DEBUG=1",
					"$(inherited)",
				);
				GCC_WARN_64_TO_32_BIT_CONVERSION = YES;
				GCC_WARN_ABOUT_RETURN_TYPE = YES_ERROR;
				GCC_WARN_UNDECLARED_SELECTOR = YES;
				GCC_WARN_UNINITIALIZED_AUTOS = YES_AGGRESSIVE;
				GCC_WARN_UNUSED_FUNCTION = YES;
				GCC_WARN_UNUSED_VARIABLE = YES;
				IPHONEOS_DEPLOYMENT_TARGET = 10.3;
				MTL_ENABLE_DEBUG_INFO = YES;
				ONLY_ACTIVE_ARCH = YES;
				SDKROOT = iphoneos;
				SWIFT_ACTIVE_COMPILATION_CONDITIONS = DEBUG;
				SWIFT_OPTIMIZATION_LEVEL = "-Onone";
			};
			name = Debug;
		};
		B7AE65E71F1AABE000DC0B46 /* Release */ = {
			isa = XCBuildConfiguration;
			buildSettings = {
				ALWAYS_SEARCH_USER_PATHS = NO;
				CLANG_ANALYZER_NONNULL = YES;
				CLANG_ANALYZER_NUMBER_OBJECT_CONVERSION = YES_AGGRESSIVE;
				CLANG_CXX_LANGUAGE_STANDARD = "gnu++0x";
				CLANG_CXX_LIBRARY = "libc++";
				CLANG_ENABLE_MODULES = YES;
				CLANG_ENABLE_OBJC_ARC = YES;
				CLANG_WARN_BOOL_CONVERSION = YES;
				CLANG_WARN_CONSTANT_CONVERSION = YES;
				CLANG_WARN_DIRECT_OBJC_ISA_USAGE = YES_ERROR;
				CLANG_WARN_DOCUMENTATION_COMMENTS = YES;
				CLANG_WARN_EMPTY_BODY = YES;
				CLANG_WARN_ENUM_CONVERSION = YES;
				CLANG_WARN_INFINITE_RECURSION = YES;
				CLANG_WARN_INT_CONVERSION = YES;
				CLANG_WARN_OBJC_ROOT_CLASS = YES_ERROR;
				CLANG_WARN_SUSPICIOUS_MOVE = YES;
				CLANG_WARN_UNREACHABLE_CODE = YES;
				CLANG_WARN__DUPLICATE_METHOD_MATCH = YES;
				"CODE_SIGN_IDENTITY[sdk=iphoneos*]" = "iPhone Developer";
				COPY_PHASE_STRIP = NO;
				DEBUG_INFORMATION_FORMAT = "dwarf-with-dsym";
				ENABLE_NS_ASSERTIONS = NO;
				ENABLE_STRICT_OBJC_MSGSEND = YES;
				GCC_C_LANGUAGE_STANDARD = gnu99;
				GCC_NO_COMMON_BLOCKS = YES;
				GCC_WARN_64_TO_32_BIT_CONVERSION = YES;
				GCC_WARN_ABOUT_RETURN_TYPE = YES_ERROR;
				GCC_WARN_UNDECLARED_SELECTOR = YES;
				GCC_WARN_UNINITIALIZED_AUTOS = YES_AGGRESSIVE;
				GCC_WARN_UNUSED_FUNCTION = YES;
				GCC_WARN_UNUSED_VARIABLE = YES;
				IPHONEOS_DEPLOYMENT_TARGET = 10.3;
				MTL_ENABLE_DEBUG_INFO = NO;
				SDKROOT = iphoneos;
				SWIFT_OPTIMIZATION_LEVEL = "-Owholemodule";
				VALIDATE_PRODUCT = YES;
			};
			name = Release;
		};
		B7AE65E91F1AABE000DC0B46 /* Debug */ = {
			isa = XCBuildConfiguration;
			buildSettings = {
				ASSETCATALOG_COMPILER_APPICON_NAME = AppIcon;
				DEVELOPMENT_TEAM = QUMV2M4J6U;
				INFOPLIST_FILE = ToDoList/Info.plist;
				LD_RUNPATH_SEARCH_PATHS = "$(inherited) @executable_path/Frameworks";
				PRODUCT_BUNDLE_IDENTIFIER = com.TheStrew.ToDoList;
				PRODUCT_NAME = "$(TARGET_NAME)";
				SWIFT_VERSION = 3.0;
			};
			name = Debug;
		};
		B7AE65EA1F1AABE000DC0B46 /* Release */ = {
			isa = XCBuildConfiguration;
			buildSettings = {
				ASSETCATALOG_COMPILER_APPICON_NAME = AppIcon;
				DEVELOPMENT_TEAM = QUMV2M4J6U;
				INFOPLIST_FILE = ToDoList/Info.plist;
				LD_RUNPATH_SEARCH_PATHS = "$(inherited) @executable_path/Frameworks";
				PRODUCT_BUNDLE_IDENTIFIER = com.TheStrew.ToDoList;
				PRODUCT_NAME = "$(TARGET_NAME)";
				SWIFT_VERSION = 3.0;
			};
			name = Release;
		};
		B7AE65EC1F1AABE000DC0B46 /* Debug */ = {
			isa = XCBuildConfiguration;
			buildSettings = {
				ALWAYS_EMBED_SWIFT_STANDARD_LIBRARIES = YES;
				BUNDLE_LOADER = "$(TEST_HOST)";
				DEVELOPMENT_TEAM = QUMV2M4J6U;
				INFOPLIST_FILE = ToDoListTests/Info.plist;
				LD_RUNPATH_SEARCH_PATHS = "$(inherited) @executable_path/Frameworks @loader_path/Frameworks";
				PRODUCT_BUNDLE_IDENTIFIER = com.TheStrew.ToDoListTests;
				PRODUCT_NAME = "$(TARGET_NAME)";
				SWIFT_VERSION = 3.0;
				TEST_HOST = "$(BUILT_PRODUCTS_DIR)/ToDoList.app/ToDoList";
			};
			name = Debug;
		};
		B7AE65ED1F1AABE000DC0B46 /* Release */ = {
			isa = XCBuildConfiguration;
			buildSettings = {
				ALWAYS_EMBED_SWIFT_STANDARD_LIBRARIES = YES;
				BUNDLE_LOADER = "$(TEST_HOST)";
				DEVELOPMENT_TEAM = QUMV2M4J6U;
				INFOPLIST_FILE = ToDoListTests/Info.plist;
				LD_RUNPATH_SEARCH_PATHS = "$(inherited) @executable_path/Frameworks @loader_path/Frameworks";
				PRODUCT_BUNDLE_IDENTIFIER = com.TheStrew.ToDoListTests;
				PRODUCT_NAME = "$(TARGET_NAME)";
				SWIFT_VERSION = 3.0;
				TEST_HOST = "$(BUILT_PRODUCTS_DIR)/ToDoList.app/ToDoList";
			};
			name = Release;
		};
		B7AE65EF1F1AABE000DC0B46 /* Debug */ = {
			isa = XCBuildConfiguration;
			buildSettings = {
				ALWAYS_EMBED_SWIFT_STANDARD_LIBRARIES = YES;
				DEVELOPMENT_TEAM = QUMV2M4J6U;
				INFOPLIST_FILE = ToDoListUITests/Info.plist;
				LD_RUNPATH_SEARCH_PATHS = "$(inherited) @executable_path/Frameworks @loader_path/Frameworks";
				PRODUCT_BUNDLE_IDENTIFIER = com.TheStrew.ToDoListUITests;
				PRODUCT_NAME = "$(TARGET_NAME)";
				SWIFT_VERSION = 3.0;
				TEST_TARGET_NAME = ToDoList;
			};
			name = Debug;
		};
		B7AE65F01F1AABE000DC0B46 /* Release */ = {
			isa = XCBuildConfiguration;
			buildSettings = {
				ALWAYS_EMBED_SWIFT_STANDARD_LIBRARIES = YES;
				DEVELOPMENT_TEAM = QUMV2M4J6U;
				INFOPLIST_FILE = ToDoListUITests/Info.plist;
				LD_RUNPATH_SEARCH_PATHS = "$(inherited) @executable_path/Frameworks @loader_path/Frameworks";
				PRODUCT_BUNDLE_IDENTIFIER = com.TheStrew.ToDoListUITests;
				PRODUCT_NAME = "$(TARGET_NAME)";
				SWIFT_VERSION = 3.0;
				TEST_TARGET_NAME = ToDoList;
			};
			name = Release;
		};
/* End XCBuildConfiguration section */

/* Begin XCConfigurationList section */
		B7AE65BB1F1AABDF00DC0B46 /* Build configuration list for PBXProject "ToDoList" */ = {
			isa = XCConfigurationList;
			buildConfigurations = (
				B7AE65E61F1AABE000DC0B46 /* Debug */,
				B7AE65E71F1AABE000DC0B46 /* Release */,
			);
			defaultConfigurationIsVisible = 0;
			defaultConfigurationName = Release;
		};
		B7AE65E81F1AABE000DC0B46 /* Build configuration list for PBXNativeTarget "ToDoList" */ = {
			isa = XCConfigurationList;
			buildConfigurations = (
				B7AE65E91F1AABE000DC0B46 /* Debug */,
				B7AE65EA1F1AABE000DC0B46 /* Release */,
			);
			defaultConfigurationIsVisible = 0;
		};
		B7AE65EB1F1AABE000DC0B46 /* Build configuration list for PBXNativeTarget "ToDoListTests" */ = {
			isa = XCConfigurationList;
			buildConfigurations = (
				B7AE65EC1F1AABE000DC0B46 /* Debug */,
				B7AE65ED1F1AABE000DC0B46 /* Release */,
			);
			defaultConfigurationIsVisible = 0;
		};
		B7AE65EE1F1AABE000DC0B46 /* Build configuration list for PBXNativeTarget "ToDoListUITests" */ = {
			isa = XCConfigurationList;
			buildConfigurations = (
				B7AE65EF1F1AABE000DC0B46 /* Debug */,
				B7AE65F01F1AABE000DC0B46 /* Release */,
			);
			defaultConfigurationIsVisible = 0;
		};
/* End XCConfigurationList section */
	};
	rootObject = B7AE65B81F1AABDF00DC0B46 /* Project object */;
}
